
Microsoft Visual Studio Solution File, Format Version 12.00
# Visual Studio Version 17
VisualStudioVersion = 17.10.35027.167
MinimumVisualStudioVersion = 10.0.40219.1
Project("{FAE04EC0-301F-11D3-BF4B-00C04F79EFBC}") = "SistemaSeguridad", "SistemaSeguridad\SistemaSeguridad.csproj", "{6E0281D1-CCBD-4C35-A822-9E0D849DD25D}"
EndProject
Global
	GlobalSection(SolutionConfigurationPlatforms) = preSolution
		Debug|Any CPU = Debug|Any CPU
		Release|Any CPU = Release|Any CPU
	EndGlobalSection
	GlobalSection(ProjectConfigurationPlatforms) = postSolution
		{6E0281D1-CCBD-4C35-A822-9E0D849DD25D}.Debug|Any CPU.ActiveCfg = Debug|Any CPU
		{6E0281D1-CCBD-4C35-A822-9E0D849DD25D}.Debug|Any CPU.Build.0 = Debug|Any CPU
		{6E0281D1-CCBD-4C35-A822-9E0D849DD25D}.Release|Any CPU.ActiveCfg = Release|Any CPU
		{6E0281D1-CCBD-4C35-A822-9E0D849DD25D}.Release|Any CPU.Build.0 = Release|Any CPU
	EndGlobalSection
	GlobalSection(SolutionProperties) = preSolution
		HideSolutionNode = FALSE
	EndGlobalSection
	GlobalSection(ExtensibilityGlobals) = postSolution
		SolutionGuid = {ADB1FE96-ABA5-49AA-B480-AFA578672FB8}
	EndGlobalSection
EndGlobal
